
Microsoft Visual Studio Solution File, Format Version 12.00
# Visual Studio Version 17
VisualStudioVersion = 17.9.34701.34
MinimumVisualStudioVersion = 10.0.40219.1
Project("{9A19103F-16F7-4668-BE54-9A1E7A4F7556}") = "OOP_C#_1", "OOP_C#_1\OOP_C#_1.csproj", "{F32755BE-8B78-4B1E-BA3D-771F3774E973}"
EndProject
Project("{9A19103F-16F7-4668-BE54-9A1E7A4F7556}") = "OOP_C#_2", "OOP_C#_2\OOP_C#_2.csproj", "{CF00DEE6-BA69-4D73-A51B-35D1FE17040D}"
EndProject
Project("{9A19103F-16F7-4668-BE54-9A1E7A4F7556}") = "OOP_C#_3", "OOP_C#_3\OOP_C#_3.csproj", "{40735B8D-F4F5-48CD-8EB0-B235EA1972AE}"
EndProject
Project("{FAE04EC0-301F-11D3-BF4B-00C04F79EFBC}") = "OOP_C#_4", "OOP_C#_4\OOP_C#_4.csproj", "{63AD301A-2BD0-431D-AB3D-A5B294DC4A24}"
EndProject
Global
	GlobalSection(SolutionConfigurationPlatforms) = preSolution
		Debug|Any CPU = Debug|Any CPU
		Release|Any CPU = Release|Any CPU
	EndGlobalSection
	GlobalSection(ProjectConfigurationPlatforms) = postSolution
		{F32755BE-8B78-4B1E-BA3D-771F3774E973}.Debug|Any CPU.ActiveCfg = Debug|Any CPU
		{F32755BE-8B78-4B1E-BA3D-771F3774E973}.Debug|Any CPU.Build.0 = Debug|Any CPU
		{F32755BE-8B78-4B1E-BA3D-771F3774E973}.Release|Any CPU.ActiveCfg = Release|Any CPU
		{F32755BE-8B78-4B1E-BA3D-771F3774E973}.Release|Any CPU.Build.0 = Release|Any CPU
		{CF00DEE6-BA69-4D73-A51B-35D1FE17040D}.Debug|Any CPU.ActiveCfg = Debug|Any CPU
		{CF00DEE6-BA69-4D73-A51B-35D1FE17040D}.Debug|Any CPU.Build.0 = Debug|Any CPU
		{CF00DEE6-BA69-4D73-A51B-35D1FE17040D}.Release|Any CPU.ActiveCfg = Release|Any CPU
		{CF00DEE6-BA69-4D73-A51B-35D1FE17040D}.Release|Any CPU.Build.0 = Release|Any CPU
		{40735B8D-F4F5-48CD-8EB0-B235EA1972AE}.Debug|Any CPU.ActiveCfg = Debug|Any CPU
		{40735B8D-F4F5-48CD-8EB0-B235EA1972AE}.Debug|Any CPU.Build.0 = Debug|Any CPU
		{40735B8D-F4F5-48CD-8EB0-B235EA1972AE}.Release|Any CPU.ActiveCfg = Release|Any CPU
		{40735B8D-F4F5-48CD-8EB0-B235EA1972AE}.Release|Any CPU.Build.0 = Release|Any CPU
		{63AD301A-2BD0-431D-AB3D-A5B294DC4A24}.Debug|Any CPU.ActiveCfg = Debug|Any CPU
		{63AD301A-2BD0-431D-AB3D-A5B294DC4A24}.Debug|Any CPU.Build.0 = Debug|Any CPU
		{63AD301A-2BD0-431D-AB3D-A5B294DC4A24}.Release|Any CPU.ActiveCfg = Release|Any CPU
		{63AD301A-2BD0-431D-AB3D-A5B294DC4A24}.Release|Any CPU.Build.0 = Release|Any CPU
	EndGlobalSection
	GlobalSection(SolutionProperties) = preSolution
		HideSolutionNode = FALSE
	EndGlobalSection
	GlobalSection(ExtensibilityGlobals) = postSolution
		SolutionGuid = {E02924CF-761B-45BB-8B34-2BA8E2C4DBB9}
	EndGlobalSection
EndGlobal
